
Microsoft Visual Studio Solution File, Format Version 12.00
# Visual Studio 15
VisualStudioVersion = 15.0.28307.572
MinimumVisualStudioVersion = 10.0.40219.1
Project("{FAE04EC0-301F-11D3-BF4B-00C04F79EFBC}") = "FactoryMethodCodeblog", "FactoryMethodCodeblog\FactoryMethodCodeblog.csproj", "{45F5877F-61D4-4F6C-A1B3-E699A3AE1C3E}"
EndProject
Global
	GlobalSection(SolutionConfigurationPlatforms) = preSolution
		Debug|Any CPU = Debug|Any CPU
		Release|Any CPU = Release|Any CPU
	EndGlobalSection
	GlobalSection(ProjectConfigurationPlatforms) = postSolution
		{45F5877F-61D4-4F6C-A1B3-E699A3AE1C3E}.Debug|Any CPU.ActiveCfg = Debug|Any CPU
		{45F5877F-61D4-4F6C-A1B3-E699A3AE1C3E}.Debug|Any CPU.Build.0 = Debug|Any CPU
		{45F5877F-61D4-4F6C-A1B3-E699A3AE1C3E}.Release|Any CPU.ActiveCfg = Release|Any CPU
		{45F5877F-61D4-4F6C-A1B3-E699A3AE1C3E}.Release|Any CPU.Build.0 = Release|Any CPU
	EndGlobalSection
	GlobalSection(SolutionProperties) = preSolution
		HideSolutionNode = FALSE
	EndGlobalSection
	GlobalSection(ExtensibilityGlobals) = postSolution
		SolutionGuid = {A0CF0332-BD21-458F-89A3-619B77860310}
	EndGlobalSection
EndGlobal
